{
  "version": 4,
  "terraform_version": "0.13.4",
  "serial": 285,
  "lineage": "2fe8968b-f57a-3ff5-2731-7ba187af0493",
  "outputs": {},
  "resources": [
    {
      "module": "module.hub_network",
      "mode": "managed",
      "type": "azurerm_subnet",
      "name": "subnet",
      "provider": "provider[\"registry.terraform.io/hashicorp/azurerm\"]",
      "instances": [
        {
          "index_key": "jumpbox-subnet",
          "schema_version": 0,
          "attributes": {
            "address_prefix": "10.0.2.0/24",
            "address_prefixes": [
              "10.0.2.0/24"
            ],
            "delegation": [],
            "enforce_private_link_endpoint_network_policies": false,
            "enforce_private_link_service_network_policies": false,
            "id": "/subscriptions/4aaa2ca9-eb45-4882-aa85-1defd19de569/resourceGroups/rg-MyFirstTerraform/providers/Microsoft.Network/virtualNetworks/HubNetwork/subnets/jumpbox-subnet",
            "name": "jumpbox-subnet",
            "resource_group_name": "rg-MyFirstTerraform",
            "service_endpoints": [],
            "timeouts": null,
            "virtual_network_name": "HubNetwork"
          }
        }
      ]
    },
    {
      "module": "module.hub_network",
      "mode": "managed",
      "type": "azurerm_virtual_network",
      "name": "vnet",
      "provider": "provider[\"registry.terraform.io/hashicorp/azurerm\"]",
      "instances": [
        {
          "schema_version": 0,
          "attributes": {
            "address_space": [
              "10.0.0.0/22"
            ],
            "ddos_protection_plan": [],
            "dns_servers": [],
            "guid": "a08a2fc8-3e7d-4c3d-8cb4-24d08bde926b",
            "id": "/subscriptions/4aaa2ca9-eb45-4882-aa85-1defd19de569/resourceGroups/rg-MyFirstTerraform/providers/Microsoft.Network/virtualNetworks/HubNetwork",
            "location": "westus",
            "name": "HubNetwork",
            "resource_group_name": "rg-MyFirstTerraform",
            "subnet": [
              {
                "address_prefix": "10.0.1.0/24",
                "id": "/subscriptions/4aaa2ca9-eb45-4882-aa85-1defd19de569/resourceGroups/rg-MyFirstTerraform/providers/Microsoft.Network/virtualNetworks/HubNetwork/subnets/AzureFirewallSubnet",
                "name": "AzureFirewallSubnet",
                "security_group": ""
              },
              {
                "address_prefix": "10.0.2.0/24",
                "id": "/subscriptions/4aaa2ca9-eb45-4882-aa85-1defd19de569/resourceGroups/rg-MyFirstTerraform/providers/Microsoft.Network/virtualNetworks/HubNetwork/subnets/jumpbox-subnet",
                "name": "jumpbox-subnet",
                "security_group": ""
              }
            ],
            "tags": {},
            "timeouts": null
          },
          "private": "eyJlMmJmYjczMC1lY2FhLTExZTYtOGY4OC0zNDM2M2JjN2M0YzAiOnsiY3JlYXRlIjoxODAwMDAwMDAwMDAwLCJkZWxldGUiOjE4MDAwMDAwMDAwMDAsInJlYWQiOjMwMDAwMDAwMDAwMCwidXBkYXRlIjoxODAwMDAwMDAwMDAwfX0="
        }
      ]
    }
  ]
}
